
Microsoft Visual Studio Solution File, Format Version 12.00
# Visual Studio Version 17
VisualStudioVersion = 17.11.35327.3
MinimumVisualStudioVersion = 10.0.40219.1
Project("{9A19103F-16F7-4668-BE54-9A1E7A4F7556}") = "DesafioMagalu", "DesafioMagalu\DesafioMagalu.csproj", "{218F0A76-1555-4C16-B0A1-BF183ADC7551}"
EndProject
Project("{9A19103F-16F7-4668-BE54-9A1E7A4F7556}") = "MagaluTests", "MagaluTests\MagaluTests.csproj", "{1BF8F6F6-421D-40EE-BDE9-55B8CFC1C9E6}"
EndProject
Global
	GlobalSection(SolutionConfigurationPlatforms) = preSolution
		Debug|Any CPU = Debug|Any CPU
		Release|Any CPU = Release|Any CPU
	EndGlobalSection
	GlobalSection(ProjectConfigurationPlatforms) = postSolution
		{218F0A76-1555-4C16-B0A1-BF183ADC7551}.Debug|Any CPU.ActiveCfg = Debug|Any CPU
		{218F0A76-1555-4C16-B0A1-BF183ADC7551}.Debug|Any CPU.Build.0 = Debug|Any CPU
		{218F0A76-1555-4C16-B0A1-BF183ADC7551}.Release|Any CPU.ActiveCfg = Release|Any CPU
		{218F0A76-1555-4C16-B0A1-BF183ADC7551}.Release|Any CPU.Build.0 = Release|Any CPU
		{1BF8F6F6-421D-40EE-BDE9-55B8CFC1C9E6}.Debug|Any CPU.ActiveCfg = Debug|Any CPU
		{1BF8F6F6-421D-40EE-BDE9-55B8CFC1C9E6}.Debug|Any CPU.Build.0 = Debug|Any CPU
		{1BF8F6F6-421D-40EE-BDE9-55B8CFC1C9E6}.Release|Any CPU.ActiveCfg = Release|Any CPU
		{1BF8F6F6-421D-40EE-BDE9-55B8CFC1C9E6}.Release|Any CPU.Build.0 = Release|Any CPU
	EndGlobalSection
	GlobalSection(SolutionProperties) = preSolution
		HideSolutionNode = FALSE
	EndGlobalSection
	GlobalSection(ExtensibilityGlobals) = postSolution
		SolutionGuid = {3C8A9883-41A2-4ED4-96F5-D106780663E3}
	EndGlobalSection
EndGlobal
